// !$*UTF8*$!
{
	archiveVersion = 1;
	classes = {
	};
	objectVersion = 56;
	objects = {

/* Begin PBXBuildFile section */
		4CB1F84F2B73D3D900E9F7B6 /* AppDelegate.swift in Sources */ = {isa = PBXBuildFile; fileRef = 4CB1F84E2B73D3D900E9F7B6 /* AppDelegate.swift */; };
		4CB1F8512B73D3D900E9F7B6 /* SceneDelegate.swift in Sources */ = {isa = PBXBuildFile; fileRef = 4CB1F8502B73D3D900E9F7B6 /* SceneDelegate.swift */; };
		4CB1F8532B73D3D900E9F7B6 /* ViewController.swift in Sources */ = {isa = PBXBuildFile; fileRef = 4CB1F8522B73D3D900E9F7B6 /* ViewController.swift */; };
		4CB1F8562B73D3D900E9F7B6 /* Main.storyboard in Resources */ = {isa = PBXBuildFile; fileRef = 4CB1F8542B73D3D900E9F7B6 /* Main.storyboard */; };
		4CB1F8582B73D3DC00E9F7B6 /* Assets.xcassets in Resources */ = {isa = PBXBuildFile; fileRef = 4CB1F8572B73D3DC00E9F7B6 /* Assets.xcassets */; };
		4CB1F85B2B73D3DC00E9F7B6 /* LaunchScreen.storyboard in Resources */ = {isa = PBXBuildFile; fileRef = 4CB1F8592B73D3DC00E9F7B6 /* LaunchScreen.storyboard */; };
		4CB1F8662B73D3DC00E9F7B6 /* firebase_notesTests.swift in Sources */ = {isa = PBXBuildFile; fileRef = 4CB1F8652B73D3DC00E9F7B6 /* firebase_notesTests.swift */; };
		4CB1F8702B73D3DC00E9F7B6 /* firebase_notesUITests.swift in Sources */ = {isa = PBXBuildFile; fileRef = 4CB1F86F2B73D3DC00E9F7B6 /* firebase_notesUITests.swift */; };
		4CB1F8722B73D3DC00E9F7B6 /* firebase_notesUITestsLaunchTests.swift in Sources */ = {isa = PBXBuildFile; fileRef = 4CB1F8712B73D3DC00E9F7B6 /* firebase_notesUITestsLaunchTests.swift */; };
/* End PBXBuildFile section */

/* Begin PBXContainerItemProxy section */
		4CB1F8622B73D3DC00E9F7B6 /* PBXContainerItemProxy */ = {
			isa = PBXContainerItemProxy;
			containerPortal = 4CB1F8432B73D3D900E9F7B6 /* Project object */;
			proxyType = 1;
			remoteGlobalIDString = 4CB1F84A2B73D3D900E9F7B6;
			remoteInfo = "firebase notes";
		};
		4CB1F86C2B73D3DC00E9F7B6 /* PBXContainerItemProxy */ = {
			isa = PBXContainerItemProxy;
			containerPortal = 4CB1F8432B73D3D900E9F7B6 /* Project object */;
			proxyType = 1;
			remoteGlobalIDString = 4CB1F84A2B73D3D900E9F7B6;
			remoteInfo = "firebase notes";
		};
/* End PBXContainerItemProxy section */

/* Begin PBXFileReference section */
		4CB1F84B2B73D3D900E9F7B6 /* firebase notes.app */ = {isa = PBXFileReference; explicitFileType = wrapper.application; includeInIndex = 0; path = "firebase notes.app"; sourceTree = BUILT_PRODUCTS_DIR; };
		4CB1F84E2B73D3D900E9F7B6 /* AppDelegate.swift */ = {isa = PBXFileReference; lastKnownFileType = sourcecode.swift; path = AppDelegate.swift; sourceTree = "<group>"; };
		4CB1F8502B73D3D900E9F7B6 /* SceneDelegate.swift */ = {isa = PBXFileReference; lastKnownFileType = sourcecode.swift; path = SceneDelegate.swift; sourceTree = "<group>"; };
		4CB1F8522B73D3D900E9F7B6 /* ViewController.swift */ = {isa = PBXFileReference; lastKnownFileType = sourcecode.swift; path = ViewController.swift; sourceTree = "<group>"; };
		4CB1F8552B73D3D900E9F7B6 /* Base */ = {isa = PBXFileReference; lastKnownFileType = file.storyboard; name = Base; path = Base.lproj/Main.storyboard; sourceTree = "<group>"; };
		4CB1F8572B73D3DC00E9F7B6 /* Assets.xcassets */ = {isa = PBXFileReference; lastKnownFileType = folder.assetcatalog; path = Assets.xcassets; sourceTree = "<group>"; };
		4CB1F85A2B73D3DC00E9F7B6 /* Base */ = {isa = PBXFileReference; lastKnownFileType = file.storyboard; name = Base; path = Base.lproj/LaunchScreen.storyboard; sourceTree = "<group>"; };
		4CB1F85C2B73D3DC00E9F7B6 /* Info.plist */ = {isa = PBXFileReference; lastKnownFileType = text.plist.xml; path = Info.plist; sourceTree = "<group>"; };
		4CB1F8612B73D3DC00E9F7B6 /* firebase notesTests.xctest */ = {isa = PBXFileReference; explicitFileType = wrapper.cfbundle; includeInIndex = 0; path = "firebase notesTests.xctest"; sourceTree = BUILT_PRODUCTS_DIR; };
		4CB1F8652B73D3DC00E9F7B6 /* firebase_notesTests.swift */ = {isa = PBXFileReference; lastKnownFileType = sourcecode.swift; path = firebase_notesTests.swift; sourceTree = "<group>"; };
		4CB1F86B2B73D3DC00E9F7B6 /* firebase notesUITests.xctest */ = {isa = PBXFileReference; explicitFileType = wrapper.cfbundle; includeInIndex = 0; path = "firebase notesUITests.xctest"; sourceTree = BUILT_PRODUCTS_DIR; };
		4CB1F86F2B73D3DC00E9F7B6 /* firebase_notesUITests.swift */ = {isa = PBXFileReference; lastKnownFileType = sourcecode.swift; path = firebase_notesUITests.swift; sourceTree = "<group>"; };
		4CB1F8712B73D3DC00E9F7B6 /* firebase_notesUITestsLaunchTests.swift */ = {isa = PBXFileReference; lastKnownFileType = sourcecode.swift; path = firebase_notesUITestsLaunchTests.swift; sourceTree = "<group>"; };
/* End PBXFileReference section */

/* Begin PBXFrameworksBuildPhase section */
		4CB1F8482B73D3D900E9F7B6 /* Frameworks */ = {
			isa = PBXFrameworksBuildPhase;
			buildActionMask = 2147483647;
			files = (
			);
			runOnlyForDeploymentPostprocessing = 0;
		};
		4CB1F85E2B73D3DC00E9F7B6 /* Frameworks */ = {
			isa = PBXFrameworksBuildPhase;
			buildActionMask = 2147483647;
			files = (
			);
			runOnlyForDeploymentPostprocessing = 0;
		};
		4CB1F8682B73D3DC00E9F7B6 /* Frameworks */ = {
			isa = PBXFrameworksBuildPhase;
			buildActionMask = 2147483647;
			files = (
			);
			runOnlyForDeploymentPostprocessing = 0;
		};
/* End PBXFrameworksBuildPhase section */

/* Begin PBXGroup section */
		4CB1F8422B73D3D900E9F7B6 = {
			isa = PBXGroup;
			children = (
				4CB1F84D2B73D3D900E9F7B6 /* firebase notes */,
				4CB1F8642B73D3DC00E9F7B6 /* firebase notesTests */,
				4CB1F86E2B73D3DC00E9F7B6 /* firebase notesUITests */,
				4CB1F84C2B73D3D900E9F7B6 /* Products */,
			);
			sourceTree = "<group>";
		};
		4CB1F84C2B73D3D900E9F7B6 /* Products */ = {
			isa = PBXGroup;
			children = (
				4CB1F84B2B73D3D900E9F7B6 /* firebase notes.app */,
				4CB1F8612B73D3DC00E9F7B6 /* firebase notesTests.xctest */,
				4CB1F86B2B73D3DC00E9F7B6 /* firebase notesUITests.xctest */,
			);
			name = Products;
			sourceTree = "<group>";
		};
		4CB1F84D2B73D3D900E9F7B6 /* firebase notes */ = {
			isa = PBXGroup;
			children = (
				4CB1F84E2B73D3D900E9F7B6 /* AppDelegate.swift */,
				4CB1F8502B73D3D900E9F7B6 /* SceneDelegate.swift */,
				4CB1F8522B73D3D900E9F7B6 /* ViewController.swift */,
				4CB1F8542B73D3D900E9F7B6 /* Main.storyboard */,
				4CB1F8572B73D3DC00E9F7B6 /* Assets.xcassets */,
				4CB1F8592B73D3DC00E9F7B6 /* LaunchScreen.storyboard */,
				4CB1F85C2B73D3DC00E9F7B6 /* Info.plist */,
			);
			path = "firebase notes";
			sourceTree = "<group>";
		};
		4CB1F8642B73D3DC00E9F7B6 /* firebase notesTests */ = {
			isa = PBXGroup;
			children = (
				4CB1F8652B73D3DC00E9F7B6 /* firebase_notesTests.swift */,
			);
			path = "firebase notesTests";
			sourceTree = "<group>";
		};
		4CB1F86E2B73D3DC00E9F7B6 /* firebase notesUITests */ = {
			isa = PBXGroup;
			children = (
				4CB1F86F2B73D3DC00E9F7B6 /* firebase_notesUITests.swift */,
				4CB1F8712B73D3DC00E9F7B6 /* firebase_notesUITestsLaunchTests.swift */,
			);
			path = "firebase notesUITests";
			sourceTree = "<group>";
		};
/* End PBXGroup section */

/* Begin PBXNativeTarget section */
		4CB1F84A2B73D3D900E9F7B6 /* firebase notes */ = {
			isa = PBXNativeTarget;
			buildConfigurationList = 4CB1F8752B73D3DC00E9F7B6 /* Build configuration list for PBXNativeTarget "firebase notes" */;
			buildPhases = (
				4CB1F8472B73D3D900E9F7B6 /* Sources */,
				4CB1F8482B73D3D900E9F7B6 /* Frameworks */,
				4CB1F8492B73D3D900E9F7B6 /* Resources */,
			);
			buildRules = (
			);
			dependencies = (
			);
			name = "firebase notes";
			productName = "firebase notes";
			productReference = 4CB1F84B2B73D3D900E9F7B6 /* firebase notes.app */;
			productType = "com.apple.product-type.application";
		};
		4CB1F8602B73D3DC00E9F7B6 /* firebase notesTests */ = {
			isa = PBXNativeTarget;
			buildConfigurationList = 4CB1F8782B73D3DC00E9F7B6 /* Build configuration list for PBXNativeTarget "firebase notesTests" */;
			buildPhases = (
				4CB1F85D2B73D3DC00E9F7B6 /* Sources */,
				4CB1F85E2B73D3DC00E9F7B6 /* Frameworks */,
				4CB1F85F2B73D3DC00E9F7B6 /* Resources */,
			);
			buildRules = (
			);
			dependencies = (
				4CB1F8632B73D3DC00E9F7B6 /* PBXTargetDependency */,
			);
			name = "firebase notesTests";
			productName = "firebase notesTests";
			productReference = 4CB1F8612B73D3DC00E9F7B6 /* firebase notesTests.xctest */;
			productType = "com.apple.product-type.bundle.unit-test";
		};
		4CB1F86A2B73D3DC00E9F7B6 /* firebase notesUITests */ = {
			isa = PBXNativeTarget;
			buildConfigurationList = 4CB1F87B2B73D3DC00E9F7B6 /* Build configuration list for PBXNativeTarget "firebase notesUITests" */;
			buildPhases = (
				4CB1F8672B73D3DC00E9F7B6 /* Sources */,
				4CB1F8682B73D3DC00E9F7B6 /* Frameworks */,
				4CB1F8692B73D3DC00E9F7B6 /* Resources */,
			);
			buildRules = (
			);
			dependencies = (
				4CB1F86D2B73D3DC00E9F7B6 /* PBXTargetDependency */,
			);
			name = "firebase notesUITests";
			productName = "firebase notesUITests";
			productReference = 4CB1F86B2B73D3DC00E9F7B6 /* firebase notesUITests.xctest */;
			productType = "com.apple.product-type.bundle.ui-testing";
		};
/* End PBXNativeTarget section */

/* Begin PBXProject section */
		4CB1F8432B73D3D900E9F7B6 /* Project object */ = {
			isa = PBXProject;
			attributes = {
				BuildIndependentTargetsInParallel = 1;
				LastSwiftUpdateCheck = 1520;
				LastUpgradeCheck = 1520;
				TargetAttributes = {
					4CB1F84A2B73D3D900E9F7B6 = {
						CreatedOnToolsVersion = 15.2;
					};
					4CB1F8602B73D3DC00E9F7B6 = {
						CreatedOnToolsVersion = 15.2;
						TestTargetID = 4CB1F84A2B73D3D900E9F7B6;
					};
					4CB1F86A2B73D3DC00E9F7B6 = {
						CreatedOnToolsVersion = 15.2;
						TestTargetID = 4CB1F84A2B73D3D900E9F7B6;
					};
				};
			};
			buildConfigurationList = 4CB1F8462B73D3D900E9F7B6 /* Build configuration list for PBXProject "firebase notes" */;
			compatibilityVersion = "Xcode 14.0";
			developmentRegion = en;
			hasScannedForEncodings = 0;
			knownRegions = (
				en,
				Base,
			);
			mainGroup = 4CB1F8422B73D3D900E9F7B6;
			productRefGroup = 4CB1F84C2B73D3D900E9F7B6 /* Products */;
			projectDirPath = "";
			projectRoot = "";
			targets = (
				4CB1F84A2B73D3D900E9F7B6 /* firebase notes */,
				4CB1F8602B73D3DC00E9F7B6 /* firebase notesTests */,
				4CB1F86A2B73D3DC00E9F7B6 /* firebase notesUITests */,
			);
		};
/* End PBXProject section */

/* Begin PBXResourcesBuildPhase section */
		4CB1F8492B73D3D900E9F7B6 /* Resources */ = {
			isa = PBXResourcesBuildPhase;
			buildActionMask = 2147483647;
			files = (
				4CB1F85B2B73D3DC00E9F7B6 /* LaunchScreen.storyboard in Resources */,
				4CB1F8582B73D3DC00E9F7B6 /* Assets.xcassets in Resources */,
				4CB1F8562B73D3D900E9F7B6 /* Main.storyboard in Resources */,
			);
			runOnlyForDeploymentPostprocessing = 0;
		};
		4CB1F85F2B73D3DC00E9F7B6 /* Resources */ = {
			isa = PBXResourcesBuildPhase;
			buildActionMask = 2147483647;
			files = (
			);
			runOnlyForDeploymentPostprocessing = 0;
		};
		4CB1F8692B73D3DC00E9F7B6 /* Resources */ = {
			isa = PBXResourcesBuildPhase;
			buildActionMask = 2147483647;
			files = (
			);
			runOnlyForDeploymentPostprocessing = 0;
		};
/* End PBXResourcesBuildPhase section */

/* Begin PBXSourcesBuildPhase section */
		4CB1F8472B73D3D900E9F7B6 /* Sources */ = {
			isa = PBXSourcesBuildPhase;
			buildActionMask = 2147483647;
			files = (
				4CB1F8532B73D3D900E9F7B6 /* ViewController.swift in Sources */,
				4CB1F84F2B73D3D900E9F7B6 /* AppDelegate.swift in Sources */,
				4CB1F8512B73D3D900E9F7B6 /* SceneDelegate.swift in Sources */,
			);
			runOnlyForDeploymentPostprocessing = 0;
		};
		4CB1F85D2B73D3DC00E9F7B6 /* Sources */ = {
			isa = PBXSourcesBuildPhase;
			buildActionMask = 2147483647;
			files = (
				4CB1F8662B73D3DC00E9F7B6 /* firebase_notesTests.swift in Sources */,
			);
			runOnlyForDeploymentPostprocessing = 0;
		};
		4CB1F8672B73D3DC00E9F7B6 /* Sources */ = {
			isa = PBXSourcesBuildPhase;
			buildActionMask = 2147483647;
			files = (
				4CB1F8702B73D3DC00E9F7B6 /* firebase_notesUITests.swift in Sources */,
				4CB1F8722B73D3DC00E9F7B6 /* firebase_notesUITestsLaunchTests.swift in Sources */,
			);
			runOnlyForDeploymentPostprocessing = 0;
		};
/* End PBXSourcesBuildPhase section */

/* Begin PBXTargetDependency section */
		4CB1F8632B73D3DC00E9F7B6 /* PBXTargetDependency */ = {
			isa = PBXTargetDependency;
			target = 4CB1F84A2B73D3D900E9F7B6 /* firebase notes */;
			targetProxy = 4CB1F8622B73D3DC00E9F7B6 /* PBXContainerItemProxy */;
		};
		4CB1F86D2B73D3DC00E9F7B6 /* PBXTargetDependency */ = {
			isa = PBXTargetDependency;
			target = 4CB1F84A2B73D3D900E9F7B6 /* firebase notes */;
			targetProxy = 4CB1F86C2B73D3DC00E9F7B6 /* PBXContainerItemProxy */;
		};
/* End PBXTargetDependency section */

/* Begin PBXVariantGroup section */
		4CB1F8542B73D3D900E9F7B6 /* Main.storyboard */ = {
			isa = PBXVariantGroup;
			children = (
				4CB1F8552B73D3D900E9F7B6 /* Base */,
			);
			name = Main.storyboard;
			sourceTree = "<group>";
		};
		4CB1F8592B73D3DC00E9F7B6 /* LaunchScreen.storyboard */ = {
			isa = PBXVariantGroup;
			children = (
				4CB1F85A2B73D3DC00E9F7B6 /* Base */,
			);
			name = LaunchScreen.storyboard;
			sourceTree = "<group>";
		};
/* End PBXVariantGroup section */

/* Begin XCBuildConfiguration section */
		4CB1F8732B73D3DC00E9F7B6 /* Debug */ = {
			isa = XCBuildConfiguration;
			buildSettings = {
				ALWAYS_SEARCH_USER_PATHS = NO;
				ASSETCATALOG_COMPILER_GENERATE_SWIFT_ASSET_SYMBOL_EXTENSIONS = YES;
				CLANG_ANALYZER_NONNULL = YES;
				CLANG_ANALYZER_NUMBER_OBJECT_CONVERSION = YES_AGGRESSIVE;
				CLANG_CXX_LANGUAGE_STANDARD = "gnu++20";
				CLANG_ENABLE_MODULES = YES;
				CLANG_ENABLE_OBJC_ARC = YES;
				CLANG_ENABLE_OBJC_WEAK = YES;
				CLANG_WARN_BLOCK_CAPTURE_AUTORELEASING = YES;
				CLANG_WARN_BOOL_CONVERSION = YES;
				CLANG_WARN_COMMA = YES;
				CLANG_WARN_CONSTANT_CONVERSION = YES;
				CLANG_WARN_DEPRECATED_OBJC_IMPLEMENTATIONS = YES;
				CLANG_WARN_DIRECT_OBJC_ISA_USAGE = YES_ERROR;
				CLANG_WARN_DOCUMENTATION_COMMENTS = YES;
				CLANG_WARN_EMPTY_BODY = YES;
				CLANG_WARN_ENUM_CONVERSION = YES;
				CLANG_WARN_INFINITE_RECURSION = YES;
				CLANG_WARN_INT_CONVERSION = YES;
				CLANG_WARN_NON_LITERAL_NULL_CONVERSION = YES;
				CLANG_WARN_OBJC_IMPLICIT_RETAIN_SELF = YES;
				CLANG_WARN_OBJC_LITERAL_CONVERSION = YES;
				CLANG_WARN_OBJC_ROOT_CLASS = YES_ERROR;
				CLANG_WARN_QUOTED_INCLUDE_IN_FRAMEWORK_HEADER = YES;
				CLANG_WARN_RANGE_LOOP_ANALYSIS = YES;
				CLANG_WARN_STRICT_PROTOTYPES = YES;
				CLANG_WARN_SUSPICIOUS_MOVE = YES;
				CLANG_WARN_UNGUARDED_AVAILABILITY = YES_AGGRESSIVE;
				CLANG_WARN_UNREACHABLE_CODE = YES;
				CLANG_WARN__DUPLICATE_METHOD_MATCH = YES;
				COPY_PHASE_STRIP = NO;
				DEBUG_INFORMATION_FORMAT = dwarf;
				ENABLE_STRICT_OBJC_MSGSEND = YES;
				ENABLE_TESTABILITY = YES;
				ENABLE_USER_SCRIPT_SANDBOXING = YES;
				GCC_C_LANGUAGE_STANDARD = gnu17;
				GCC_DYNAMIC_NO_PIC = NO;
				GCC_NO_COMMON_BLOCKS = YES;
				GCC_OPTIMIZATION_LEVEL = 0;
				GCC_PREPROCESSOR_DEFINITIONS = (
					"DEBUG=1",
					"$(inherited)",
				);
				GCC_WARN_64_TO_32_BIT_CONVERSION = YES;
				GCC_WARN_ABOUT_RETURN_TYPE = YES_ERROR;
				GCC_WARN_UNDECLARED_SELECTOR = YES;
				GCC_WARN_UNINITIALIZED_AUTOS = YES_AGGRESSIVE;
				GCC_WARN_UNUSED_FUNCTION = YES;
				GCC_WARN_UNUSED_VARIABLE = YES;
				IPHONEOS_DEPLOYMENT_TARGET = 17.2;
				LOCALIZATION_PREFERS_STRING_CATALOGS = YES;
				MTL_ENABLE_DEBUG_INFO = INCLUDE_SOURCE;
				MTL_FAST_MATH = YES;
				ONLY_ACTIVE_ARCH = YES;
				SDKROOT = iphoneos;
				SWIFT_ACTIVE_COMPILATION_CONDITIONS = "DEBUG $(inherited)";
				SWIFT_OPTIMIZATION_LEVEL = "-Onone";
			};
			name = Debug;
		};
		4CB1F8742B73D3DC00E9F7B6 /* Release */ = {
			isa = XCBuildConfiguration;
			buildSettings = {
				ALWAYS_SEARCH_USER_PATHS = NO;
				ASSETCATALOG_COMPILER_GENERATE_SWIFT_ASSET_SYMBOL_EXTENSIONS = YES;
				CLANG_ANALYZER_NONNULL = YES;
				CLANG_ANALYZER_NUMBER_OBJECT_CONVERSION = YES_AGGRESSIVE;
				CLANG_CXX_LANGUAGE_STANDARD = "gnu++20";
				CLANG_ENABLE_MODULES = YES;
				CLANG_ENABLE_OBJC_ARC = YES;
				CLANG_ENABLE_OBJC_WEAK = YES;
				CLANG_WARN_BLOCK_CAPTURE_AUTORELEASING = YES;
				CLANG_WARN_BOOL_CONVERSION = YES;
				CLANG_WARN_COMMA = YES;
				CLANG_WARN_CONSTANT_CONVERSION = YES;
				CLANG_WARN_DEPRECATED_OBJC_IMPLEMENTATIONS = YES;
				CLANG_WARN_DIRECT_OBJC_ISA_USAGE = YES_ERROR;
				CLANG_WARN_DOCUMENTATION_COMMENTS = YES;
				CLANG_WARN_EMPTY_BODY = YES;
				CLANG_WARN_ENUM_CONVERSION = YES;
				CLANG_WARN_INFINITE_RECURSION = YES;
				CLANG_WARN_INT_CONVERSION = YES;
				CLANG_WARN_NON_LITERAL_NULL_CONVERSION = YES;
				CLANG_WARN_OBJC_IMPLICIT_RETAIN_SELF = YES;
				CLANG_WARN_OBJC_LITERAL_CONVERSION = YES;
				CLANG_WARN_OBJC_ROOT_CLASS = YES_ERROR;
				CLANG_WARN_QUOTED_INCLUDE_IN_FRAMEWORK_HEADER = YES;
				CLANG_WARN_RANGE_LOOP_ANALYSIS = YES;
				CLANG_WARN_STRICT_PROTOTYPES = YES;
				CLANG_WARN_SUSPICIOUS_MOVE = YES;
				CLANG_WARN_UNGUARDED_AVAILABILITY = YES_AGGRESSIVE;
				CLANG_WARN_UNREACHABLE_CODE = YES;
				CLANG_WARN__DUPLICATE_METHOD_MATCH = YES;
				COPY_PHASE_STRIP = NO;
				DEBUG_INFORMATION_FORMAT = "dwarf-with-dsym";
				ENABLE_NS_ASSERTIONS = NO;
				ENABLE_STRICT_OBJC_MSGSEND = YES;
				ENABLE_USER_SCRIPT_SANDBOXING = YES;
				GCC_C_LANGUAGE_STANDARD = gnu17;
				GCC_NO_COMMON_BLOCKS = YES;
				GCC_WARN_64_TO_32_BIT_CONVERSION = YES;
				GCC_WARN_ABOUT_RETURN_TYPE = YES_ERROR;
				GCC_WARN_UNDECLARED_SELECTOR = YES;
				GCC_WARN_UNINITIALIZED_AUTOS = YES_AGGRESSIVE;
				GCC_WARN_UNUSED_FUNCTION = YES;
				GCC_WARN_UNUSED_VARIABLE = YES;
				IPHONEOS_DEPLOYMENT_TARGET = 17.2;
				LOCALIZATION_PREFERS_STRING_CATALOGS = YES;
				MTL_ENABLE_DEBUG_INFO = NO;
				MTL_FAST_MATH = YES;
				SDKROOT = iphoneos;
				SWIFT_COMPILATION_MODE = wholemodule;
				VALIDATE_PRODUCT = YES;
			};
			name = Release;
		};
		4CB1F8762B73D3DC00E9F7B6 /* Debug */ = {
			isa = XCBuildConfiguration;
			buildSettings = {
				ASSETCATALOG_COMPILER_APPICON_NAME = AppIcon;
				ASSETCATALOG_COMPILER_GLOBAL_ACCENT_COLOR_NAME = AccentColor;
				CODE_SIGN_STYLE = Automatic;
				CURRENT_PROJECT_VERSION = 1;
				DEVELOPMENT_TEAM = 35JGHH6ZTT;
				GENERATE_INFOPLIST_FILE = YES;
				INFOPLIST_FILE = "firebase notes/Info.plist";
				INFOPLIST_KEY_UIApplicationSupportsIndirectInputEvents = YES;
				INFOPLIST_KEY_UILaunchStoryboardName = LaunchScreen;
				INFOPLIST_KEY_UIMainStoryboardFile = Main;
				INFOPLIST_KEY_UISupportedInterfaceOrientations_iPad = "UIInterfaceOrientationPortrait UIInterfaceOrientationPortraitUpsideDown UIInterfaceOrientationLandscapeLeft UIInterfaceOrientationLandscapeRight";
				INFOPLIST_KEY_UISupportedInterfaceOrientations_iPhone = "UIInterfaceOrientationPortrait UIInterfaceOrientationLandscapeLeft UIInterfaceOrientationLandscapeRight";
				LD_RUNPATH_SEARCH_PATHS = (
					"$(inherited)",
					"@executable_path/Frameworks",
				);
				MARKETING_VERSION = 1.0;
				PRODUCT_BUNDLE_IDENTIFIER = "clc.firebase-notes";
				PRODUCT_NAME = "$(TARGET_NAME)";
				SWIFT_EMIT_LOC_STRINGS = YES;
				SWIFT_VERSION = 5.0;
				TARGETED_DEVICE_FAMILY = "1,2";
			};
			name = Debug;
		};
		4CB1F8772B73D3DC00E9F7B6 /* Release */ = {
			isa = XCBuildConfiguration;
			buildSettings = {
				ASSETCATALOG_COMPILER_APPICON_NAME = AppIcon;
				ASSETCATALOG_COMPILER_GLOBAL_ACCENT_COLOR_NAME = AccentColor;
				CODE_SIGN_STYLE = Automatic;
				CURRENT_PROJECT_VERSION = 1;
				DEVELOPMENT_TEAM = 35JGHH6ZTT;
				GENERATE_INFOPLIST_FILE = YES;
				INFOPLIST_FILE = "firebase notes/Info.plist";
				INFOPLIST_KEY_UIApplicationSupportsIndirectInputEvents = YES;
				INFOPLIST_KEY_UILaunchStoryboardName = LaunchScreen;
				INFOPLIST_KEY_UIMainStoryboardFile = Main;
				INFOPLIST_KEY_UISupportedInterfaceOrientations_iPad = "UIInterfaceOrientationPortrait UIInterfaceOrientationPortraitUpsideDown UIInterfaceOrientationLandscapeLeft UIInterfaceOrientationLandscapeRight";
				INFOPLIST_KEY_UISupportedInterfaceOrientations_iPhone = "UIInterfaceOrientationPortrait UIInterfaceOrientationLandscapeLeft UIInterfaceOrientationLandscapeRight";
				LD_RUNPATH_SEARCH_PATHS = (
					"$(inherited)",
					"@executable_path/Frameworks",
				);
				MARKETING_VERSION = 1.0;
				PRODUCT_BUNDLE_IDENTIFIER = "clc.firebase-notes";
				PRODUCT_NAME = "$(TARGET_NAME)";
				SWIFT_EMIT_LOC_STRINGS = YES;
				SWIFT_VERSION = 5.0;
				TARGETED_DEVICE_FAMILY = "1,2";
			};
			name = Release;
		};
		4CB1F8792B73D3DC00E9F7B6 /* Debug */ = {
			isa = XCBuildConfiguration;
			buildSettings = {
				ALWAYS_EMBED_SWIFT_STANDARD_LIBRARIES = YES;
				BUNDLE_LOADER = "$(TEST_HOST)";
				CODE_SIGN_STYLE = Automatic;
				CURRENT_PROJECT_VERSION = 1;
				DEVELOPMENT_TEAM = 35JGHH6ZTT;
				GENERATE_INFOPLIST_FILE = YES;
				IPHONEOS_DEPLOYMENT_TARGET = 17.2;
				MARKETING_VERSION = 1.0;
				PRODUCT_BUNDLE_IDENTIFIER = "clc.firebase-notesTests";
				PRODUCT_NAME = "$(TARGET_NAME)";
				SWIFT_EMIT_LOC_STRINGS = NO;
				SWIFT_VERSION = 5.0;
				TARGETED_DEVICE_FAMILY = "1,2";
				TEST_HOST = "$(BUILT_PRODUCTS_DIR)/firebase notes.app/$(BUNDLE_EXECUTABLE_FOLDER_PATH)/firebase notes";
			};
			name = Debug;
		};
		4CB1F87A2B73D3DC00E9F7B6 /* Release */ = {
			isa = XCBuildConfiguration;
			buildSettings = {
				ALWAYS_EMBED_SWIFT_STANDARD_LIBRARIES = YES;
				BUNDLE_LOADER = "$(TEST_HOST)";
				CODE_SIGN_STYLE = Automatic;
				CURRENT_PROJECT_VERSION = 1;
				DEVELOPMENT_TEAM = 35JGHH6ZTT;
				GENERATE_INFOPLIST_FILE = YES;
				IPHONEOS_DEPLOYMENT_TARGET = 17.2;
				MARKETING_VERSION = 1.0;
				PRODUCT_BUNDLE_IDENTIFIER = "clc.firebase-notesTests";
				PRODUCT_NAME = "$(TARGET_NAME)";
				SWIFT_EMIT_LOC_STRINGS = NO;
				SWIFT_VERSION = 5.0;
				TARGETED_DEVICE_FAMILY = "1,2";
				TEST_HOST = "$(BUILT_PRODUCTS_DIR)/firebase notes.app/$(BUNDLE_EXECUTABLE_FOLDER_PATH)/firebase notes";
			};
			name = Release;
		};
		4CB1F87C2B73D3DC00E9F7B6 /* Debug */ = {
			isa = XCBuildConfiguration;
			buildSettings = {
				ALWAYS_EMBED_SWIFT_STANDARD_LIBRARIES = YES;
				CODE_SIGN_STYLE = Automatic;
				CURRENT_PROJECT_VERSION = 1;
				DEVELOPMENT_TEAM = 35JGHH6ZTT;
				GENERATE_INFOPLIST_FILE = YES;
				MARKETING_VERSION = 1.0;
				PRODUCT_BUNDLE_IDENTIFIER = "clc.firebase-notesUITests";
				PRODUCT_NAME = "$(TARGET_NAME)";
				SWIFT_EMIT_LOC_STRINGS = NO;
				SWIFT_VERSION = 5.0;
				TARGETED_DEVICE_FAMILY = "1,2";
				TEST_TARGET_NAME = "firebase notes";
			};
			name = Debug;
		};
		4CB1F87D2B73D3DC00E9F7B6 /* Release */ = {
			isa = XCBuildConfiguration;
			buildSettings = {
				ALWAYS_EMBED_SWIFT_STANDARD_LIBRARIES = YES;
				CODE_SIGN_STYLE = Automatic;
				CURRENT_PROJECT_VERSION = 1;
				DEVELOPMENT_TEAM = 35JGHH6ZTT;
				GENERATE_INFOPLIST_FILE = YES;
				MARKETING_VERSION = 1.0;
				PRODUCT_BUNDLE_IDENTIFIER = "clc.firebase-notesUITests";
				PRODUCT_NAME = "$(TARGET_NAME)";
				SWIFT_EMIT_LOC_STRINGS = NO;
				SWIFT_VERSION = 5.0;
				TARGETED_DEVICE_FAMILY = "1,2";
				TEST_TARGET_NAME = "firebase notes";
			};
			name = Release;
		};
/* End XCBuildConfiguration section */

/* Begin XCConfigurationList section */
		4CB1F8462B73D3D900E9F7B6 /* Build configuration list for PBXProject "firebase notes" */ = {
			isa = XCConfigurationList;
			buildConfigurations = (
				4CB1F8732B73D3DC00E9F7B6 /* Debug */,
				4CB1F8742B73D3DC00E9F7B6 /* Release */,
			);
			defaultConfigurationIsVisible = 0;
			defaultConfigurationName = Release;
		};
		4CB1F8752B73D3DC00E9F7B6 /* Build configuration list for PBXNativeTarget "firebase notes" */ = {
			isa = XCConfigurationList;
			buildConfigurations = (
				4CB1F8762B73D3DC00E9F7B6 /* Debug */,
				4CB1F8772B73D3DC00E9F7B6 /* Release */,
			);
			defaultConfigurationIsVisible = 0;
			defaultConfigurationName = Release;
		};
		4CB1F8782B73D3DC00E9F7B6 /* Build configuration list for PBXNativeTarget "firebase notesTests" */ = {
			isa = XCConfigurationList;
			buildConfigurations = (
				4CB1F8792B73D3DC00E9F7B6 /* Debug */,
				4CB1F87A2B73D3DC00E9F7B6 /* Release */,
			);
			defaultConfigurationIsVisible = 0;
			defaultConfigurationName = Release;
		};
		4CB1F87B2B73D3DC00E9F7B6 /* Build configuration list for PBXNativeTarget "firebase notesUITests" */ = {
			isa = XCConfigurationList;
			buildConfigurations = (
				4CB1F87C2B73D3DC00E9F7B6 /* Debug */,
				4CB1F87D2B73D3DC00E9F7B6 /* Release */,
			);
			defaultConfigurationIsVisible = 0;
			defaultConfigurationName = Release;
		};
/* End XCConfigurationList section */
	};
	rootObject = 4CB1F8432B73D3D900E9F7B6 /* Project object */;
}
